
Microsoft Visual Studio Solution File, Format Version 12.00
# Visual Studio Version 17
VisualStudioVersion = 17.5.33530.505
MinimumVisualStudioVersion = 10.0.40219.1
Project("{9A19103F-16F7-4668-BE54-9A1E7A4F7556}") = "RazorPagesMovie", "RazorPagesMovie\RazorPagesMovie.csproj", "{8060E2FD-A8A5-49C7-915C-092299049F97}"
EndProject
Global
	GlobalSection(SolutionConfigurationPlatforms) = preSolution
		Debug|Any CPU = Debug|Any CPU
		Release|Any CPU = Release|Any CPU
	EndGlobalSection
	GlobalSection(ProjectConfigurationPlatforms) = postSolution
		{8060E2FD-A8A5-49C7-915C-092299049F97}.Debug|Any CPU.ActiveCfg = Debug|Any CPU
		{8060E2FD-A8A5-49C7-915C-092299049F97}.Debug|Any CPU.Build.0 = Debug|Any CPU
		{8060E2FD-A8A5-49C7-915C-092299049F97}.Release|Any CPU.ActiveCfg = Release|Any CPU
		{8060E2FD-A8A5-49C7-915C-092299049F97}.Release|Any CPU.Build.0 = Release|Any CPU
	EndGlobalSection
	GlobalSection(SolutionProperties) = preSolution
		HideSolutionNode = FALSE
	EndGlobalSection
	GlobalSection(ExtensibilityGlobals) = postSolution
		SolutionGuid = {2B79F14E-C909-4352-9046-4C978EB3FBDA}
	EndGlobalSection
EndGlobal
